# This file is automatically @generated by Cargo.
# It is not intended for manual editing.
version = 3

[[package]]
name = "chrono"
version = "0.4.0"
source = "registry+https://github.com/rust-lang/crates.io-index"
checksum = "7c20ebe0b2b08b0aeddba49c609fe7957ba2e33449882cb186a180bc60682fa9"
dependencies = [
 "num",
 "time",
]

[[package]]
name = "kernel32-sys"
version = "0.2.0"
source = "registry+https://github.com/rust-lang/crates.io-index"
checksum = "ad1ca084b49bfd975182288e1a5f1d27ea34ff2d6ae084ae5e66e1652427eada"
dependencies = [
 "winapi",
 "winapi-build",
]

[[package]]
name = "libc"
version = "0.2.1"
source = "registry+https://github.com/rust-lang/crates.io-index"
checksum = "ff7bf059aff5b88320556e113a4b2edbb3ce4a82ed6474d0f2574e8934cb8974"

[[package]]
name = "num"
version = "0.1.27"
source = "registry+https://github.com/rust-lang/crates.io-index"
checksum = "4251ea00b7fa74610f0685b55495fcc86e4971b1951cb732b91d817f71bcae7c"

[[package]]
name = "redox_syscall"
version = "0.1.0"
source = "registry+https://github.com/rust-lang/crates.io-index"
checksum = "35a48131ab10dbeb17202bd1dcb9c9798963a58a50c9ec31640f237358832094"

[[package]]
name = "resol-vbus"
version = "0.3.0"
dependencies = [
 "chrono",
]

[[package]]
name = "time"
version = "0.1.36"
source = "registry+https://github.com/rust-lang/crates.io-index"
checksum = "211b63c112206356ef1ff9b19355f43740fc3f85960c598a93d3a3d3ba7beade"
dependencies = [
 "kernel32-sys",
 "libc",
 "redox_syscall",
 "winapi",
]

[[package]]
name = "winapi"
version = "0.2.4"
source = "registry+https://github.com/rust-lang/crates.io-index"
checksum = "5350e40d908c7e8b9e5c9edb541ca47cc617c6229d3575a46da6f550f36c96fd"

[[package]]
name = "winapi-build"
version = "0.1.1"
source = "registry+https://github.com/rust-lang/crates.io-index"
checksum = "2d315eee3b34aca4797b2da6b13ed88266e6d612562a0c46390af8299fc699bc"
